github.com/lib/pq v1.9.0 h1:L8nSXQQzAYByakOFMTwpjRoHsMJklur4Gi59b6VivR8=
github.com/lib/pq v1.9.0/go.mod h1:AlVN5x4E4T544tWzH6hKfbfQvm3HdbOxrmggDNAPY9o=
github.com/lovego/addrs v0.0.1 h1:QmPIDNJ4fGRebCVp9agykZUnCrpP/fo9JC+CqGoxP/Y=
github.com/lovego/addrs v0.0.1/go.mod h1:pbugCzMCOygr8r2UXOlgLBfX3n/WBtq8Ftau/StqwQg=
github.com/lovego/errs v0.0.2 h1:T2ZMIaSvfH/H66Twea/xX9UA/hfeqQkzvftrce/RgJY=
github.com/lovego/errs v0.0.2/go.mod h1:ghGAxm7RQySjaQ7+H0qWei20i/KcIGsyD4XZnj4tK/0=
github.com/lovego/logger v0.0.1 h1:Sr4eR74YFgrUtoMvWV2Jn64pi9YfcjGC6a6uXv91Qkk=
github.com/lovego/logger v0.0.1/go.mod h1:4sDufT6c2yWdlUEIeiS1ivN8pIfVARiLRoqW4/TuPUg=
github.com/lovego/slice v0.0.8 h1:Ska4EQTGlouZOfwp2tInf+jOK8iDr2Jqlf4oT5rFKnk=
github.com/lovego/slice v0.0.8/go.mod h1:C4ahk1h65jGU4T1V6Tg4VBQUx0ORnHuc2owWwr62cNg=
github.com/lovego/tracer v0.0.1 h1:NAggoG9bu9JrgSFOUPmZBmshmT7myOFAIy1zWeNNt9o=
github.com/lovego/tracer v0.0.1/go.mod h1:cqfr/BqdkspXnph/SO8AOt58d+ziUGEzzM3OXMtI0rc=
golang.org/x/text v0.3.6 h1:aRYxNxv6iGQlyVaZmk6ZgYEDa+Jg18DxebPSrd6bg1M=
golang.org/x/text v0.3.6/go.mod h1:5Zoc/QRtKVWzQhOtBMvqHzDpF6irO9z98xDceosuGiQ=
golang.org/x/tools v0.0.0-20180917221912-90fa682c2a6e/go.mod h1:n7NCudcB/nEzxVGmLbDWY5pfWTLqBcC2KZ6jyYvM4mQ=
